
Microsoft Visual Studio Solution File, Format Version 12.00
# Visual Studio Version 16
VisualStudioVersion = 16.0.31129.286
MinimumVisualStudioVersion = 10.0.40219.1
Project("{FAE04EC0-301F-11D3-BF4B-00C04F79EFBC}") = "Lab16 CountriesIO", "Lab16 CountriesIO\Lab16 CountriesIO.csproj", "{680258A0-66A9-471C-A051-FEAB243DFEDF}"
EndProject
Global
	GlobalSection(SolutionConfigurationPlatforms) = preSolution
		Debug|Any CPU = Debug|Any CPU
		Release|Any CPU = Release|Any CPU
	EndGlobalSection
	GlobalSection(ProjectConfigurationPlatforms) = postSolution
		{680258A0-66A9-471C-A051-FEAB243DFEDF}.Debug|Any CPU.ActiveCfg = Debug|Any CPU
		{680258A0-66A9-471C-A051-FEAB243DFEDF}.Debug|Any CPU.Build.0 = Debug|Any CPU
		{680258A0-66A9-471C-A051-FEAB243DFEDF}.Release|Any CPU.ActiveCfg = Release|Any CPU
		{680258A0-66A9-471C-A051-FEAB243DFEDF}.Release|Any CPU.Build.0 = Release|Any CPU
	EndGlobalSection
	GlobalSection(SolutionProperties) = preSolution
		HideSolutionNode = FALSE
	EndGlobalSection
	GlobalSection(ExtensibilityGlobals) = postSolution
		SolutionGuid = {BF4AD4CA-3D31-4851-B5F2-5A37A847AE3E}
	EndGlobalSection
EndGlobal
